
Microsoft Visual Studio Solution File, Format Version 12.00
# Visual Studio Version 17
VisualStudioVersion = 17.5.33424.131
MinimumVisualStudioVersion = 10.0.40219.1
Project("{9A19103F-16F7-4668-BE54-9A1E7A4F7556}") = "Alessio.Exerses.Alternative", "Alessio.Exerses.Alternative\Alessio.Exerses.Alternative.csproj", "{3FB6FBF6-0BB6-445B-A188-62B1EFAA6218}"
EndProject
Project("{FAE04EC0-301F-11D3-BF4B-00C04F79EFBC}") = "Alessio.Exerses.Alternative2", "Alessio.Exerses.Alternative2\Alessio.Exerses.Alternative2.csproj", "{FBA1EA67-4A21-4F02-9448-E7CFA10392A3}"
EndProject
Global
	GlobalSection(SolutionConfigurationPlatforms) = preSolution
		Debug|Any CPU = Debug|Any CPU
		Release|Any CPU = Release|Any CPU
	EndGlobalSection
	GlobalSection(ProjectConfigurationPlatforms) = postSolution
		{3FB6FBF6-0BB6-445B-A188-62B1EFAA6218}.Debug|Any CPU.ActiveCfg = Debug|Any CPU
		{3FB6FBF6-0BB6-445B-A188-62B1EFAA6218}.Debug|Any CPU.Build.0 = Debug|Any CPU
		{3FB6FBF6-0BB6-445B-A188-62B1EFAA6218}.Release|Any CPU.ActiveCfg = Release|Any CPU
		{3FB6FBF6-0BB6-445B-A188-62B1EFAA6218}.Release|Any CPU.Build.0 = Release|Any CPU
		{FBA1EA67-4A21-4F02-9448-E7CFA10392A3}.Debug|Any CPU.ActiveCfg = Debug|Any CPU
		{FBA1EA67-4A21-4F02-9448-E7CFA10392A3}.Debug|Any CPU.Build.0 = Debug|Any CPU
		{FBA1EA67-4A21-4F02-9448-E7CFA10392A3}.Release|Any CPU.ActiveCfg = Release|Any CPU
		{FBA1EA67-4A21-4F02-9448-E7CFA10392A3}.Release|Any CPU.Build.0 = Release|Any CPU
	EndGlobalSection
	GlobalSection(SolutionProperties) = preSolution
		HideSolutionNode = FALSE
	EndGlobalSection
	GlobalSection(ExtensibilityGlobals) = postSolution
		SolutionGuid = {825F1A67-2D6C-44EC-8853-225781B107A8}
	EndGlobalSection
EndGlobal
